
Microsoft Visual Studio Solution File, Format Version 12.00
# Visual Studio Version 16
VisualStudioVersion = 16.0.31005.135
MinimumVisualStudioVersion = 10.0.40219.1
Project("{FAE04EC0-301F-11D3-BF4B-00C04F79EFBC}") = "labMatrices", "labMatrices\labMatrices.csproj", "{FBF19939-B7FB-40BD-9665-6E235345A40B}"
EndProject
Global
	GlobalSection(SolutionConfigurationPlatforms) = preSolution
		Debug|Any CPU = Debug|Any CPU
		Release|Any CPU = Release|Any CPU
	EndGlobalSection
	GlobalSection(ProjectConfigurationPlatforms) = postSolution
		{FBF19939-B7FB-40BD-9665-6E235345A40B}.Debug|Any CPU.ActiveCfg = Debug|Any CPU
		{FBF19939-B7FB-40BD-9665-6E235345A40B}.Debug|Any CPU.Build.0 = Debug|Any CPU
		{FBF19939-B7FB-40BD-9665-6E235345A40B}.Release|Any CPU.ActiveCfg = Release|Any CPU
		{FBF19939-B7FB-40BD-9665-6E235345A40B}.Release|Any CPU.Build.0 = Release|Any CPU
	EndGlobalSection
	GlobalSection(SolutionProperties) = preSolution
		HideSolutionNode = FALSE
	EndGlobalSection
	GlobalSection(ExtensibilityGlobals) = postSolution
		SolutionGuid = {47EBB908-58D8-4108-85CA-0EC2A6370EC1}
	EndGlobalSection
EndGlobal
